// !$*UTF8*$!
{
	archiveVersion = 1;
	classes = {
	};
	objectVersion = 46;
	objects = {

/* Begin PBXBuildFile section */
		443EF9911A88147A001E2241 /* Default-568h@2x.png in Resources */ = {isa = PBXBuildFile; fileRef = 443EF9901A88147A001E2241 /* Default-568h@2x.png */; };
		44FA96BB1A86AF7B00112B95 /* AppDelegate.swift in Sources */ = {isa = PBXBuildFile; fileRef = 44FA96BA1A86AF7B00112B95 /* AppDelegate.swift */; };
		44FA96C21A86AF7B00112B95 /* Images.xcassets in Resources */ = {isa = PBXBuildFile; fileRef = 44FA96C11A86AF7B00112B95 /* Images.xcassets */; };
		44FA96D11A86AF7B00112B95 /* assignment01Tests.swift in Sources */ = {isa = PBXBuildFile; fileRef = 44FA96D01A86AF7B00112B95 /* assignment01Tests.swift */; };
/* End PBXBuildFile section */

/* Begin PBXContainerItemProxy section */
		44FA96CB1A86AF7B00112B95 /* PBXContainerItemProxy */ = {
			isa = PBXContainerItemProxy;
			containerPortal = 44FA96AD1A86AF7B00112B95 /* Project object */;
			proxyType = 1;
			remoteGlobalIDString = 44FA96B41A86AF7B00112B95;
			remoteInfo = assignment01;
		};
/* End PBXContainerItemProxy section */

/* Begin PBXFileReference section */
		443EF9901A88147A001E2241 /* Default-568h@2x.png */ = {isa = PBXFileReference; lastKnownFileType = image.png; path = "Default-568h@2x.png"; sourceTree = "<group>"; };
		44FA96B51A86AF7B00112B95 /* assignment01.app */ = {isa = PBXFileReference; explicitFileType = wrapper.application; includeInIndex = 0; path = assignment01.app; sourceTree = BUILT_PRODUCTS_DIR; };
		44FA96B91A86AF7B00112B95 /* Info.plist */ = {isa = PBXFileReference; lastKnownFileType = text.plist.xml; path = Info.plist; sourceTree = "<group>"; };
		44FA96BA1A86AF7B00112B95 /* AppDelegate.swift */ = {isa = PBXFileReference; lastKnownFileType = sourcecode.swift; path = AppDelegate.swift; sourceTree = "<group>"; };
		44FA96C11A86AF7B00112B95 /* Images.xcassets */ = {isa = PBXFileReference; lastKnownFileType = folder.assetcatalog; path = Images.xcassets; sourceTree = "<group>"; };
		44FA96CA1A86AF7B00112B95 /* assignment01Tests.xctest */ = {isa = PBXFileReference; explicitFileType = wrapper.cfbundle; includeInIndex = 0; path = assignment01Tests.xctest; sourceTree = BUILT_PRODUCTS_DIR; };
		44FA96CF1A86AF7B00112B95 /* Info.plist */ = {isa = PBXFileReference; lastKnownFileType = text.plist.xml; path = Info.plist; sourceTree = "<group>"; };
		44FA96D01A86AF7B00112B95 /* assignment01Tests.swift */ = {isa = PBXFileReference; lastKnownFileType = sourcecode.swift; path = assignment01Tests.swift; sourceTree = "<group>"; };
/* End PBXFileReference section */

/* Begin PBXFrameworksBuildPhase section */
		44FA96B21A86AF7B00112B95 /* Frameworks */ = {
			isa = PBXFrameworksBuildPhase;
			buildActionMask = 2147483647;
			files = (
			);
			runOnlyForDeploymentPostprocessing = 0;
		};
		44FA96C71A86AF7B00112B95 /* Frameworks */ = {
			isa = PBXFrameworksBuildPhase;
			buildActionMask = 2147483647;
			files = (
			);
			runOnlyForDeploymentPostprocessing = 0;
		};
/* End PBXFrameworksBuildPhase section */

/* Begin PBXGroup section */
		44FA96AC1A86AF7B00112B95 = {
			isa = PBXGroup;
			children = (
				443EF9901A88147A001E2241 /* Default-568h@2x.png */,
				44FA96B71A86AF7B00112B95 /* assignment01 */,
				44FA96CD1A86AF7B00112B95 /* assignment01Tests */,
				44FA96B61A86AF7B00112B95 /* Products */,
			);
			sourceTree = "<group>";
		};
		44FA96B61A86AF7B00112B95 /* Products */ = {
			isa = PBXGroup;
			children = (
				44FA96B51A86AF7B00112B95 /* assignment01.app */,
				44FA96CA1A86AF7B00112B95 /* assignment01Tests.xctest */,
			);
			name = Products;
			sourceTree = "<group>";
		};
		44FA96B71A86AF7B00112B95 /* assignment01 */ = {
			isa = PBXGroup;
			children = (
				44FA96BA1A86AF7B00112B95 /* AppDelegate.swift */,
				44FA96C11A86AF7B00112B95 /* Images.xcassets */,
				44FA96B81A86AF7B00112B95 /* Supporting Files */,
			);
			path = assignment01;
			sourceTree = "<group>";
		};
		44FA96B81A86AF7B00112B95 /* Supporting Files */ = {
			isa = PBXGroup;
			children = (
				44FA96B91A86AF7B00112B95 /* Info.plist */,
			);
			name = "Supporting Files";
			sourceTree = "<group>";
		};
		44FA96CD1A86AF7B00112B95 /* assignment01Tests */ = {
			isa = PBXGroup;
			children = (
				44FA96D01A86AF7B00112B95 /* assignment01Tests.swift */,
				44FA96CE1A86AF7B00112B95 /* Supporting Files */,
			);
			path = assignment01Tests;
			sourceTree = "<group>";
		};
		44FA96CE1A86AF7B00112B95 /* Supporting Files */ = {
			isa = PBXGroup;
			children = (
				44FA96CF1A86AF7B00112B95 /* Info.plist */,
			);
			name = "Supporting Files";
			sourceTree = "<group>";
		};
/* End PBXGroup section */

/* Begin PBXNativeTarget section */
		44FA96B41A86AF7B00112B95 /* assignment01 */ = {
			isa = PBXNativeTarget;
			buildConfigurationList = 44FA96D41A86AF7B00112B95 /* Build configuration list for PBXNativeTarget "assignment01" */;
			buildPhases = (
				44FA96B11A86AF7B00112B95 /* Sources */,
				44FA96B21A86AF7B00112B95 /* Frameworks */,
				44FA96B31A86AF7B00112B95 /* Resources */,
			);
			buildRules = (
			);
			dependencies = (
			);
			name = assignment01;
			productName = assignment01;
			productReference = 44FA96B51A86AF7B00112B95 /* assignment01.app */;
			productType = "com.apple.product-type.application";
		};
		44FA96C91A86AF7B00112B95 /* assignment01Tests */ = {
			isa = PBXNativeTarget;
			buildConfigurationList = 44FA96D71A86AF7B00112B95 /* Build configuration list for PBXNativeTarget "assignment01Tests" */;
			buildPhases = (
				44FA96C61A86AF7B00112B95 /* Sources */,
				44FA96C71A86AF7B00112B95 /* Frameworks */,
				44FA96C81A86AF7B00112B95 /* Resources */,
			);
			buildRules = (
			);
			dependencies = (
				44FA96CC1A86AF7B00112B95 /* PBXTargetDependency */,
			);
			name = assignment01Tests;
			productName = assignment01Tests;
			productReference = 44FA96CA1A86AF7B00112B95 /* assignment01Tests.xctest */;
			productType = "com.apple.product-type.bundle.unit-test";
		};
/* End PBXNativeTarget section */

/* Begin PBXProject section */
		44FA96AD1A86AF7B00112B95 /* Project object */ = {
			isa = PBXProject;
			attributes = {
				LastUpgradeCheck = 0610;
				ORGANIZATIONNAME = CS4962;
				TargetAttributes = {
					44FA96B41A86AF7B00112B95 = {
						CreatedOnToolsVersion = 6.1.1;
					};
					44FA96C91A86AF7B00112B95 = {
						CreatedOnToolsVersion = 6.1.1;
						TestTargetID = 44FA96B41A86AF7B00112B95;
					};
				};
			};
			buildConfigurationList = 44FA96B01A86AF7B00112B95 /* Build configuration list for PBXProject "assignment01" */;
			compatibilityVersion = "Xcode 3.2";
			developmentRegion = English;
			hasScannedForEncodings = 0;
			knownRegions = (
				en,
				Base,
			);
			mainGroup = 44FA96AC1A86AF7B00112B95;
			productRefGroup = 44FA96B61A86AF7B00112B95 /* Products */;
			projectDirPath = "";
			projectRoot = "";
			targets = (
				44FA96B41A86AF7B00112B95 /* assignment01 */,
				44FA96C91A86AF7B00112B95 /* assignment01Tests */,
			);
		};
/* End PBXProject section */

/* Begin PBXResourcesBuildPhase section */
		44FA96B31A86AF7B00112B95 /* Resources */ = {
			isa = PBXResourcesBuildPhase;
			buildActionMask = 2147483647;
			files = (
				44FA96C21A86AF7B00112B95 /* Images.xcassets in Resources */,
				443EF9911A88147A001E2241 /* Default-568h@2x.png in Resources */,
			);
			runOnlyForDeploymentPostprocessing = 0;
		};
		44FA96C81A86AF7B00112B95 /* Resources */ = {
			isa = PBXResourcesBuildPhase;
			buildActionMask = 2147483647;
			files = (
			);
			runOnlyForDeploymentPostprocessing = 0;
		};
/* End PBXResourcesBuildPhase section */

/* Begin PBXSourcesBuildPhase section */
		44FA96B11A86AF7B00112B95 /* Sources */ = {
			isa = PBXSourcesBuildPhase;
			buildActionMask = 2147483647;
			files = (
				44FA96BB1A86AF7B00112B95 /* AppDelegate.swift in Sources */,
			);
			runOnlyForDeploymentPostprocessing = 0;
		};
		44FA96C61A86AF7B00112B95 /* Sources */ = {
			isa = PBXSourcesBuildPhase;
			buildActionMask = 2147483647;
			files = (
				44FA96D11A86AF7B00112B95 /* assignment01Tests.swift in Sources */,
			);
			runOnlyForDeploymentPostprocessing = 0;
		};
/* End PBXSourcesBuildPhase section */

/* Begin PBXTargetDependency section */
		44FA96CC1A86AF7B00112B95 /* PBXTargetDependency */ = {
			isa = PBXTargetDependency;
			target = 44FA96B41A86AF7B00112B95 /* assignment01 */;
			targetProxy = 44FA96CB1A86AF7B00112B95 /* PBXContainerItemProxy */;
		};
/* End PBXTargetDependency section */

/* Begin XCBuildConfiguration section */
		44FA96D21A86AF7B00112B95 /* Debug */ = {
			isa = XCBuildConfiguration;
			buildSettings = {
				ALWAYS_SEARCH_USER_PATHS = NO;
				CLANG_CXX_LANGUAGE_STANDARD = "gnu++0x";
				CLANG_CXX_LIBRARY = "libc++";
				CLANG_ENABLE_MODULES = YES;
				CLANG_ENABLE_OBJC_ARC = YES;
				CLANG_WARN_BOOL_CONVERSION = YES;
				CLANG_WARN_CONSTANT_CONVERSION = YES;
				CLANG_WARN_DIRECT_OBJC_ISA_USAGE = YES_ERROR;
				CLANG_WARN_EMPTY_BODY = YES;
				CLANG_WARN_ENUM_CONVERSION = YES;
				CLANG_WARN_INT_CONVERSION = YES;
				CLANG_WARN_OBJC_ROOT_CLASS = YES_ERROR;
				CLANG_WARN_UNREACHABLE_CODE = YES;
				CLANG_WARN__DUPLICATE_METHOD_MATCH = YES;
				"CODE_SIGN_IDENTITY[sdk=iphoneos*]" = "iPhone Developer";
				COPY_PHASE_STRIP = NO;
				ENABLE_STRICT_OBJC_MSGSEND = YES;
				GCC_C_LANGUAGE_STANDARD = gnu99;
				GCC_DYNAMIC_NO_PIC = NO;
				GCC_OPTIMIZATION_LEVEL = 0;
				GCC_PREPROCESSOR_DEFINITIONS = (
					"DEBUG=1",
					"$(inherited)",
				);
				GCC_SYMBOLS_PRIVATE_EXTERN = NO;
				GCC_WARN_64_TO_32_BIT_CONVERSION = YES;
				GCC_WARN_ABOUT_RETURN_TYPE = YES_ERROR;
				GCC_WARN_UNDECLARED_SELECTOR = YES;
				GCC_WARN_UNINITIALIZED_AUTOS = YES_AGGRESSIVE;
				GCC_WARN_UNUSED_FUNCTION = YES;
				GCC_WARN_UNUSED_VARIABLE = YES;
				IPHONEOS_DEPLOYMENT_TARGET = 8.1;
				MTL_ENABLE_DEBUG_INFO = YES;
				ONLY_ACTIVE_ARCH = YES;
				SDKROOT = iphoneos;
				SWIFT_OPTIMIZATION_LEVEL = "-Onone";
			};
			name = Debug;
		};
		44FA96D31A86AF7B00112B95 /* Release */ = {
			isa = XCBuildConfiguration;
			buildSettings = {
				ALWAYS_SEARCH_USER_PATHS = NO;
				CLANG_CXX_LANGUAGE_STANDARD = "gnu++0x";
				CLANG_CXX_LIBRARY = "libc++";
				CLANG_ENABLE_MODULES = YES;
				CLANG_ENABLE_OBJC_ARC = YES;
				CLANG_WARN_BOOL_CONVERSION = YES;
				CLANG_WARN_CONSTANT_CONVERSION = YES;
				CLANG_WARN_DIRECT_OBJC_ISA_USAGE = YES_ERROR;
				CLANG_WARN_EMPTY_BODY = YES;
				CLANG_WARN_ENUM_CONVERSION = YES;
				CLANG_WARN_INT_CONVERSION = YES;
				CLANG_WARN_OBJC_ROOT_CLASS = YES_ERROR;
				CLANG_WARN_UNREACHABLE_CODE = YES;
				CLANG_WARN__DUPLICATE_METHOD_MATCH = YES;
				"CODE_SIGN_IDENTITY[sdk=iphoneos*]" = "iPhone Developer";
				COPY_PHASE_STRIP = YES;
				ENABLE_NS_ASSERTIONS = NO;
				ENABLE_STRICT_OBJC_MSGSEND = YES;
				GCC_C_LANGUAGE_STANDARD = gnu99;
				GCC_WARN_64_TO_32_BIT_CONVERSION = YES;
				GCC_WARN_ABOUT_RETURN_TYPE = YES_ERROR;
				GCC_WARN_UNDECLARED_SELECTOR = YES;
				GCC_WARN_UNINITIALIZED_AUTOS = YES_AGGRESSIVE;
				GCC_WARN_UNUSED_FUNCTION = YES;
				GCC_WARN_UNUSED_VARIABLE = YES;
				IPHONEOS_DEPLOYMENT_TARGET = 8.1;
				MTL_ENABLE_DEBUG_INFO = NO;
				SDKROOT = iphoneos;
				VALIDATE_PRODUCT = YES;
			};
			name = Release;
		};
		44FA96D51A86AF7B00112B95 /* Debug */ = {
			isa = XCBuildConfiguration;
			buildSettings = {
				ASSETCATALOG_COMPILER_APPICON_NAME = AppIcon;
				INFOPLIST_FILE = assignment01/Info.plist;
				LD_RUNPATH_SEARCH_PATHS = "$(inherited) @executable_path/Frameworks";
				PRODUCT_NAME = "$(TARGET_NAME)";
			};
			name = Debug;
		};
		44FA96D61A86AF7B00112B95 /* Release */ = {
			isa = XCBuildConfiguration;
			buildSettings = {
				ASSETCATALOG_COMPILER_APPICON_NAME = AppIcon;
				INFOPLIST_FILE = assignment01/Info.plist;
				LD_RUNPATH_SEARCH_PATHS = "$(inherited) @executable_path/Frameworks";
				PRODUCT_NAME = "$(TARGET_NAME)";
			};
			name = Release;
		};
		44FA96D81A86AF7B00112B95 /* Debug */ = {
			isa = XCBuildConfiguration;
			buildSettings = {
				BUNDLE_LOADER = "$(TEST_HOST)";
				FRAMEWORK_SEARCH_PATHS = (
					"$(SDKROOT)/Developer/Library/Frameworks",
					"$(inherited)",
				);
				GCC_PREPROCESSOR_DEFINITIONS = (
					"DEBUG=1",
					"$(inherited)",
				);
				INFOPLIST_FILE = assignment01Tests/Info.plist;
				LD_RUNPATH_SEARCH_PATHS = "$(inherited) @executable_path/Frameworks @loader_path/Frameworks";
				PRODUCT_NAME = "$(TARGET_NAME)";
				TEST_HOST = "$(BUILT_PRODUCTS_DIR)/assignment01.app/assignment01";
			};
			name = Debug;
		};
		44FA96D91A86AF7B00112B95 /* Release */ = {
			isa = XCBuildConfiguration;
			buildSettings = {
				BUNDLE_LOADER = "$(TEST_HOST)";
				FRAMEWORK_SEARCH_PATHS = (
					"$(SDKROOT)/Developer/Library/Frameworks",
					"$(inherited)",
				);
				INFOPLIST_FILE = assignment01Tests/Info.plist;
				LD_RUNPATH_SEARCH_PATHS = "$(inherited) @executable_path/Frameworks @loader_path/Frameworks";
				PRODUCT_NAME = "$(TARGET_NAME)";
				TEST_HOST = "$(BUILT_PRODUCTS_DIR)/assignment01.app/assignment01";
			};
			name = Release;
		};
/* End XCBuildConfiguration section */

/* Begin XCConfigurationList section */
		44FA96B01A86AF7B00112B95 /* Build configuration list for PBXProject "assignment01" */ = {
			isa = XCConfigurationList;
			buildConfigurations = (
				44FA96D21A86AF7B00112B95 /* Debug */,
				44FA96D31A86AF7B00112B95 /* Release */,
			);
			defaultConfigurationIsVisible = 0;
			defaultConfigurationName = Release;
		};
		44FA96D41A86AF7B00112B95 /* Build configuration list for PBXNativeTarget "assignment01" */ = {
			isa = XCConfigurationList;
			buildConfigurations = (
				44FA96D51A86AF7B00112B95 /* Debug */,
				44FA96D61A86AF7B00112B95 /* Release */,
			);
			defaultConfigurationIsVisible = 0;
			defaultConfigurationName = Release;
		};
		44FA96D71A86AF7B00112B95 /* Build configuration list for PBXNativeTarget "assignment01Tests" */ = {
			isa = XCConfigurationList;
			buildConfigurations = (
				44FA96D81A86AF7B00112B95 /* Debug */,
				44FA96D91A86AF7B00112B95 /* Release */,
			);
			defaultConfigurationIsVisible = 0;
			defaultConfigurationName = Release;
		};
/* End XCConfigurationList section */
	};
	rootObject = 44FA96AD1A86AF7B00112B95 /* Project object */;
}
